Microsoft Visual Studio Solution File, Format Version 11.00
# Visual Studio 2008

Project("{31558908-3F08-EE66-CBBD-6B4454E16AE1}") = "Internship Gamification", "Assembly-CSharp-firstpass-vs.csproj", "{DFEBFD4A-26B1-5569-9D87-77B667C22B1F}"
EndProject
Project("{31558908-3F08-EE66-CBBD-6B4454E16AE1}") = "Internship Gamification", "Assembly-CSharp-vs.csproj", "{E1105B2D-5BD2-5FB3-DB16-E0A1C0C3C0DF}"
EndProject
Project("{31558908-3F08-EE66-CBBD-6B4454E16AE1}") = "Internship Gamification", "Assembly-CSharp-Editor-vs.csproj", "{6B753282-AD4F-C6A5-E476-192A82C41888}"
EndProject
Global
	GlobalSection(SolutionConfigurationPlatforms) = preSolution
		Debug|Any CPU = Debug|Any CPU
		Release|Any CPU = Release|Any CPU
	EndGlobalSection
	GlobalSection(ProjectConfigurationPlatforms) = postSolution
		{DFEBFD4A-26B1-5569-9D87-77B667C22B1F}.Debug|Any CPU.ActiveCfg = Debug|Any CPU
		{DFEBFD4A-26B1-5569-9D87-77B667C22B1F}.Debug|Any CPU.Build.0 = Debug|Any CPU
		{DFEBFD4A-26B1-5569-9D87-77B667C22B1F}.Release|Any CPU.ActiveCfg = Release|Any CPU
		{DFEBFD4A-26B1-5569-9D87-77B667C22B1F}.Release|Any CPU.Build.0 = Release|Any CPU
		{E1105B2D-5BD2-5FB3-DB16-E0A1C0C3C0DF}.Debug|Any CPU.ActiveCfg = Debug|Any CPU
		{E1105B2D-5BD2-5FB3-DB16-E0A1C0C3C0DF}.Debug|Any CPU.Build.0 = Debug|Any CPU
		{E1105B2D-5BD2-5FB3-DB16-E0A1C0C3C0DF}.Release|Any CPU.ActiveCfg = Release|Any CPU
		{E1105B2D-5BD2-5FB3-DB16-E0A1C0C3C0DF}.Release|Any CPU.Build.0 = Release|Any CPU
		{6B753282-AD4F-C6A5-E476-192A82C41888}.Debug|Any CPU.ActiveCfg = Debug|Any CPU
		{6B753282-AD4F-C6A5-E476-192A82C41888}.Debug|Any CPU.Build.0 = Debug|Any CPU
		{6B753282-AD4F-C6A5-E476-192A82C41888}.Release|Any CPU.ActiveCfg = Release|Any CPU
		{6B753282-AD4F-C6A5-E476-192A82C41888}.Release|Any CPU.Build.0 = Release|Any CPU
	EndGlobalSection
	GlobalSection(SolutionProperties) = preSolution
		HideSolutionNode = FALSE
	EndGlobalSection
																														GlobalSection(MonoDevelopProperties) = preSolution
		StartupItem = Assembly-CSharp.csproj
		Policies = $0
		$0.TextStylePolicy = $1
		$1.inheritsSet = null
		$1.scope = text/x-csharp
		$0.CSharpFormattingPolicy = $2
		$2.inheritsSet = Mono
		$2.inheritsScope = text/x-csharp
		$2.scope = text/x-csharp
		$0.TextStylePolicy = $3
		$3.FileWidth = 120
		$3.TabWidth = 4
		$3.IndentWidth = 4
		$3.EolMarker = Unix
		$3.inheritsSet = Mono
		$3.inheritsScope = text/plain
		$3.scope = text/plain
	EndGlobalSection

EndGlobal
