
Microsoft Visual Studio Solution File, Format Version 12.00
# Visual Studio 2015
Project("{FAE04EC0-301F-11D3-BF4B-00C04F79EFBC}") = "Internship Gamification.CSharp.Plugins", "Internship Gamification.CSharp.Plugins.csproj", "{0CF4DB7C-B94F-BB16-DA6E-22CBBC6E5825}"
EndProject
Project("{FAE04EC0-301F-11D3-BF4B-00C04F79EFBC}") = "Internship Gamification.CSharp", "Internship Gamification.CSharp.csproj", "{A0CBFBE2-78B6-12A6-F4A7-27A2D7005A67}"
EndProject
Project("{FAE04EC0-301F-11D3-BF4B-00C04F79EFBC}") = "Internship Gamification.CSharp.Editor", "Internship Gamification.CSharp.Editor.csproj", "{ACF50F13-6CE0-BF24-3551-A173C49A70EC}"
EndProject
Global
	GlobalSection(SolutionConfigurationPlatforms) = preSolution
		Debug|Any CPU = Debug|Any CPU
		Release|Any CPU = Release|Any CPU
	EndGlobalSection
	GlobalSection(ProjectConfigurationPlatforms) = postSolution
		{0CF4DB7C-B94F-BB16-DA6E-22CBBC6E5825}.Debug|Any CPU.ActiveCfg = Debug|Any CPU
		{0CF4DB7C-B94F-BB16-DA6E-22CBBC6E5825}.Debug|Any CPU.Build.0 = Debug|Any CPU
		{0CF4DB7C-B94F-BB16-DA6E-22CBBC6E5825}.Release|Any CPU.ActiveCfg = Release|Any CPU
		{0CF4DB7C-B94F-BB16-DA6E-22CBBC6E5825}.Release|Any CPU.Build.0 = Release|Any CPU
		{A0CBFBE2-78B6-12A6-F4A7-27A2D7005A67}.Debug|Any CPU.ActiveCfg = Debug|Any CPU
		{A0CBFBE2-78B6-12A6-F4A7-27A2D7005A67}.Debug|Any CPU.Build.0 = Debug|Any CPU
		{A0CBFBE2-78B6-12A6-F4A7-27A2D7005A67}.Release|Any CPU.ActiveCfg = Release|Any CPU
		{A0CBFBE2-78B6-12A6-F4A7-27A2D7005A67}.Release|Any CPU.Build.0 = Release|Any CPU
		{ACF50F13-6CE0-BF24-3551-A173C49A70EC}.Debug|Any CPU.ActiveCfg = Debug|Any CPU
		{ACF50F13-6CE0-BF24-3551-A173C49A70EC}.Debug|Any CPU.Build.0 = Debug|Any CPU
		{ACF50F13-6CE0-BF24-3551-A173C49A70EC}.Release|Any CPU.ActiveCfg = Release|Any CPU
		{ACF50F13-6CE0-BF24-3551-A173C49A70EC}.Release|Any CPU.Build.0 = Release|Any CPU
	EndGlobalSection
	GlobalSection(SolutionProperties) = preSolution
		HideSolutionNode = FALSE
	EndGlobalSection
EndGlobal
