Microsoft Visual Studio Solution File, Format Version 11.00
# Visual Studio 2008

Project("{61DFB333-AC59-7E1F-BA38-F209A7475677}") = "Multiplayer with beta importer", "Assembly-CSharp-firstpass.csproj", "{859DEB3C-4D97-4757-872F-C7C86C2C6A1C}"
EndProject
Project("{61DFB333-AC59-7E1F-BA38-F209A7475677}") = "Multiplayer with beta importer", "Assembly-CSharp.csproj", "{CBCA0F66-1178-4C43-3BC8-89AD34D1F8EC}"
EndProject
Project("{61DFB333-AC59-7E1F-BA38-F209A7475677}") = "Multiplayer with beta importer", "Assembly-CSharp-Editor.csproj", "{372033E6-CD2E-B53C-FB58-46F7389E8705}"
EndProject
Global
	GlobalSection(SolutionConfigurationPlatforms) = preSolution
		Debug|Any CPU = Debug|Any CPU
		Release|Any CPU = Release|Any CPU
	EndGlobalSection
	GlobalSection(ProjectConfigurationPlatforms) = postSolution
		{859DEB3C-4D97-4757-872F-C7C86C2C6A1C}.Debug|Any CPU.ActiveCfg = Debug|Any CPU
		{859DEB3C-4D97-4757-872F-C7C86C2C6A1C}.Debug|Any CPU.Build.0 = Debug|Any CPU
		{859DEB3C-4D97-4757-872F-C7C86C2C6A1C}.Release|Any CPU.ActiveCfg = Release|Any CPU
		{859DEB3C-4D97-4757-872F-C7C86C2C6A1C}.Release|Any CPU.Build.0 = Release|Any CPU
		{CBCA0F66-1178-4C43-3BC8-89AD34D1F8EC}.Debug|Any CPU.ActiveCfg = Debug|Any CPU
		{CBCA0F66-1178-4C43-3BC8-89AD34D1F8EC}.Debug|Any CPU.Build.0 = Debug|Any CPU
		{CBCA0F66-1178-4C43-3BC8-89AD34D1F8EC}.Release|Any CPU.ActiveCfg = Release|Any CPU
		{CBCA0F66-1178-4C43-3BC8-89AD34D1F8EC}.Release|Any CPU.Build.0 = Release|Any CPU
		{372033E6-CD2E-B53C-FB58-46F7389E8705}.Debug|Any CPU.ActiveCfg = Debug|Any CPU
		{372033E6-CD2E-B53C-FB58-46F7389E8705}.Debug|Any CPU.Build.0 = Debug|Any CPU
		{372033E6-CD2E-B53C-FB58-46F7389E8705}.Release|Any CPU.ActiveCfg = Release|Any CPU
		{372033E6-CD2E-B53C-FB58-46F7389E8705}.Release|Any CPU.Build.0 = Release|Any CPU
	EndGlobalSection
	GlobalSection(SolutionProperties) = preSolution
		HideSolutionNode = FALSE
	EndGlobalSection
																								GlobalSection(MonoDevelopProperties) = preSolution
		StartupItem = Assembly-CSharp.csproj
		Policies = $0
		$0.TextStylePolicy = $1
		$1.inheritsSet = null
		$1.scope = text/x-csharp
		$0.CSharpFormattingPolicy = $2
		$2.inheritsSet = Mono
		$2.inheritsScope = text/x-csharp
		$2.scope = text/x-csharp
		$0.TextStylePolicy = $3
		$3.FileWidth = 120
		$3.TabWidth = 4
		$3.IndentWidth = 4
		$3.EolMarker = Unix
		$3.inheritsSet = Mono
		$3.inheritsScope = text/plain
		$3.scope = text/plain
	EndGlobalSection

EndGlobal
