
Microsoft Visual Studio Solution File, Format Version 12.00
# Visual Studio 2015
Project("{FAE04EC0-301F-11D3-BF4B-00C04F79EFBC}") = "Multiplayer with beta importer.CSharp.Plugins", "Multiplayer with beta importer.CSharp.Plugins.csproj", "{8CC8C7F0-A54D-1D59-9323-634866DCF946}"
EndProject
Project("{FAE04EC0-301F-11D3-BF4B-00C04F79EFBC}") = "Multiplayer with beta importer.CSharp", "Multiplayer with beta importer.CSharp.csproj", "{3E36C2C6-A12D-2588-8386-606EB9D9B3AD}"
EndProject
Project("{FAE04EC0-301F-11D3-BF4B-00C04F79EFBC}") = "Multiplayer with beta importer.CSharp.Editor", "Multiplayer with beta importer.CSharp.Editor.csproj", "{65344253-D9EB-22A6-8A06-B5C97E7FC1DE}"
EndProject
Global
	GlobalSection(SolutionConfigurationPlatforms) = preSolution
		Debug|Any CPU = Debug|Any CPU
		Release|Any CPU = Release|Any CPU
	EndGlobalSection
	GlobalSection(ProjectConfigurationPlatforms) = postSolution
		{8CC8C7F0-A54D-1D59-9323-634866DCF946}.Debug|Any CPU.ActiveCfg = Debug|Any CPU
		{8CC8C7F0-A54D-1D59-9323-634866DCF946}.Debug|Any CPU.Build.0 = Debug|Any CPU
		{8CC8C7F0-A54D-1D59-9323-634866DCF946}.Release|Any CPU.ActiveCfg = Release|Any CPU
		{8CC8C7F0-A54D-1D59-9323-634866DCF946}.Release|Any CPU.Build.0 = Release|Any CPU
		{3E36C2C6-A12D-2588-8386-606EB9D9B3AD}.Debug|Any CPU.ActiveCfg = Debug|Any CPU
		{3E36C2C6-A12D-2588-8386-606EB9D9B3AD}.Debug|Any CPU.Build.0 = Debug|Any CPU
		{3E36C2C6-A12D-2588-8386-606EB9D9B3AD}.Release|Any CPU.ActiveCfg = Release|Any CPU
		{3E36C2C6-A12D-2588-8386-606EB9D9B3AD}.Release|Any CPU.Build.0 = Release|Any CPU
		{65344253-D9EB-22A6-8A06-B5C97E7FC1DE}.Debug|Any CPU.ActiveCfg = Debug|Any CPU
		{65344253-D9EB-22A6-8A06-B5C97E7FC1DE}.Debug|Any CPU.Build.0 = Debug|Any CPU
		{65344253-D9EB-22A6-8A06-B5C97E7FC1DE}.Release|Any CPU.ActiveCfg = Release|Any CPU
		{65344253-D9EB-22A6-8A06-B5C97E7FC1DE}.Release|Any CPU.Build.0 = Release|Any CPU
	EndGlobalSection
	GlobalSection(SolutionProperties) = preSolution
		HideSolutionNode = FALSE
	EndGlobalSection
EndGlobal
