
Microsoft Visual Studio Solution File, Format Version 12.00
# Visual Studio 2015
Project("{FAE04EC0-301F-11D3-BF4B-00C04F79EFBC}") = "mp.CSharp.Plugins", "mp.CSharp.Plugins.csproj", "{69596D9E-F0B8-406B-63DA-45618F9FB469}"
EndProject
Project("{FAE04EC0-301F-11D3-BF4B-00C04F79EFBC}") = "mp.CSharp", "mp.CSharp.csproj", "{69F6C69E-65C4-63FA-865D-DB9EB6A3803D}"
EndProject
Project("{FAE04EC0-301F-11D3-BF4B-00C04F79EFBC}") = "mp.CSharp.Editor", "mp.CSharp.Editor.csproj", "{7FDF6ECC-BF81-C2EC-875C-B4D3D57C6FED}"
EndProject
Global
	GlobalSection(SolutionConfigurationPlatforms) = preSolution
		Debug|Any CPU = Debug|Any CPU
		Release|Any CPU = Release|Any CPU
	EndGlobalSection
	GlobalSection(ProjectConfigurationPlatforms) = postSolution
		{69596D9E-F0B8-406B-63DA-45618F9FB469}.Debug|Any CPU.ActiveCfg = Debug|Any CPU
		{69596D9E-F0B8-406B-63DA-45618F9FB469}.Debug|Any CPU.Build.0 = Debug|Any CPU
		{69596D9E-F0B8-406B-63DA-45618F9FB469}.Release|Any CPU.ActiveCfg = Release|Any CPU
		{69596D9E-F0B8-406B-63DA-45618F9FB469}.Release|Any CPU.Build.0 = Release|Any CPU
		{69F6C69E-65C4-63FA-865D-DB9EB6A3803D}.Debug|Any CPU.ActiveCfg = Debug|Any CPU
		{69F6C69E-65C4-63FA-865D-DB9EB6A3803D}.Debug|Any CPU.Build.0 = Debug|Any CPU
		{69F6C69E-65C4-63FA-865D-DB9EB6A3803D}.Release|Any CPU.ActiveCfg = Release|Any CPU
		{69F6C69E-65C4-63FA-865D-DB9EB6A3803D}.Release|Any CPU.Build.0 = Release|Any CPU
		{7FDF6ECC-BF81-C2EC-875C-B4D3D57C6FED}.Debug|Any CPU.ActiveCfg = Debug|Any CPU
		{7FDF6ECC-BF81-C2EC-875C-B4D3D57C6FED}.Debug|Any CPU.Build.0 = Debug|Any CPU
		{7FDF6ECC-BF81-C2EC-875C-B4D3D57C6FED}.Release|Any CPU.ActiveCfg = Release|Any CPU
		{7FDF6ECC-BF81-C2EC-875C-B4D3D57C6FED}.Release|Any CPU.Build.0 = Release|Any CPU
	EndGlobalSection
	GlobalSection(SolutionProperties) = preSolution
		HideSolutionNode = FALSE
	EndGlobalSection
EndGlobal
